
Microsoft Visual Studio Solution File, Format Version 12.00
# Visual Studio Version 16
VisualStudioVersion = 16.0.29001.49
MinimumVisualStudioVersion = 10.0.40219.1
Project("{FAE04EC0-301F-11D3-BF4B-00C04F79EFBC}") = "Colecciones", "Colecciones\Colecciones.csproj", "{ADCC9254-44C7-4E8B-A1CA-35C63A4FCFE6}"
EndProject
Global
	GlobalSection(SolutionConfigurationPlatforms) = preSolution
		Debug|Any CPU = Debug|Any CPU
		Release|Any CPU = Release|Any CPU
	EndGlobalSection
	GlobalSection(ProjectConfigurationPlatforms) = postSolution
		{ADCC9254-44C7-4E8B-A1CA-35C63A4FCFE6}.Debug|Any CPU.ActiveCfg = Debug|Any CPU
		{ADCC9254-44C7-4E8B-A1CA-35C63A4FCFE6}.Debug|Any CPU.Build.0 = Debug|Any CPU
		{ADCC9254-44C7-4E8B-A1CA-35C63A4FCFE6}.Release|Any CPU.ActiveCfg = Release|Any CPU
		{ADCC9254-44C7-4E8B-A1CA-35C63A4FCFE6}.Release|Any CPU.Build.0 = Release|Any CPU
	EndGlobalSection
	GlobalSection(SolutionProperties) = preSolution
		HideSolutionNode = FALSE
	EndGlobalSection
	GlobalSection(ExtensibilityGlobals) = postSolution
		SolutionGuid = {A06CD2F4-FE2A-4929-BE92-F84146C49CF4}
	EndGlobalSection
EndGlobal
